
Microsoft Visual Studio Solution File, Format Version 12.00
# Visual Studio 15
VisualStudioVersion = 15.0.28307.1169
MinimumVisualStudioVersion = 10.0.40219.1
Project("{FAE04EC0-301F-11D3-BF4B-00C04F79EFBC}") = "App01_ConsultarCEP.Android", "App01_ConsultarCEP\App01_ConsultarCEP.Android\App01_ConsultarCEP.Android.csproj", "{A407C717-8FA1-4160-98CB-010E87591C66}"
EndProject
Project("{FAE04EC0-301F-11D3-BF4B-00C04F79EFBC}") = "App01_ConsultarCEP.iOS", "App01_ConsultarCEP\App01_ConsultarCEP.iOS\App01_ConsultarCEP.iOS.csproj", "{BF360E81-D539-4B96-87F5-1EA235A62CCD}"
EndProject
Project("{FAE04EC0-301F-11D3-BF4B-00C04F79EFBC}") = "App01_ConsultarCEP.UWP", "App01_ConsultarCEP\App01_ConsultarCEP.UWP\App01_ConsultarCEP.UWP.csproj", "{A5679D88-8CA5-4B40-8022-DDB191110461}"
EndProject
Project("{FAE04EC0-301F-11D3-BF4B-00C04F79EFBC}") = "App01_ConsultarCEP", "App01_ConsultarCEP\App01_ConsultarCEP\App01_ConsultarCEP.csproj", "{98061DB3-E46B-42CF-95A4-7C92FFCAE585}"
EndProject
Global
	GlobalSection(SolutionConfigurationPlatforms) = preSolution
		Ad-Hoc|Any CPU = Ad-Hoc|Any CPU
		Ad-Hoc|ARM = Ad-Hoc|ARM
		Ad-Hoc|iPhone = Ad-Hoc|iPhone
		Ad-Hoc|iPhoneSimulator = Ad-Hoc|iPhoneSimulator
		Ad-Hoc|x64 = Ad-Hoc|x64
		Ad-Hoc|x86 = Ad-Hoc|x86
		AppStore|Any CPU = AppStore|Any CPU
		AppStore|ARM = AppStore|ARM
		AppStore|iPhone = AppStore|iPhone
		AppStore|iPhoneSimulator = AppStore|iPhoneSimulator
		AppStore|x64 = AppStore|x64
		AppStore|x86 = AppStore|x86
		Debug|Any CPU = Debug|Any CPU
		Debug|ARM = Debug|ARM
		Debug|iPhone = Debug|iPhone
		Debug|iPhoneSimulator = Debug|iPhoneSimulator
		Debug|x64 = Debug|x64
		Debug|x86 = Debug|x86
		Release|Any CPU = Release|Any CPU
		Release|ARM = Release|ARM
		Release|iPhone = Release|iPhone
		Release|iPhoneSimulator = Release|iPhoneSimulator
		Release|x64 = Release|x64
		Release|x86 = Release|x86
	EndGlobalSection
	GlobalSection(ProjectConfigurationPlatforms) = postSolution
		{A407C717-8FA1-4160-98CB-010E87591C66}.Ad-Hoc|Any CPU.ActiveCfg = Release|Any CPU
		{A407C717-8FA1-4160-98CB-010E87591C66}.Ad-Hoc|Any CPU.Build.0 = Release|Any CPU
		{A407C717-8FA1-4160-98CB-010E87591C66}.Ad-Hoc|Any CPU.Deploy.0 = Release|Any CPU
		{A407C717-8FA1-4160-98CB-010E87591C66}.Ad-Hoc|ARM.ActiveCfg = Release|Any CPU
		{A407C717-8FA1-4160-98CB-010E87591C66}.Ad-Hoc|ARM.Build.0 = Release|Any CPU
		{A407C717-8FA1-4160-98CB-010E87591C66}.Ad-Hoc|ARM.Deploy.0 = Release|Any CPU
		{A407C717-8FA1-4160-98CB-010E87591C66}.Ad-Hoc|iPhone.ActiveCfg = Release|Any CPU
		{A407C717-8FA1-4160-98CB-010E87591C66}.Ad-Hoc|iPhone.Build.0 = Release|Any CPU
		{A407C717-8FA1-4160-98CB-010E87591C66}.Ad-Hoc|iPhone.Deploy.0 = Release|Any CPU
		{A407C717-8FA1-4160-98CB-010E87591C66}.Ad-Hoc|iPhoneSimulator.ActiveCfg = Release|Any CPU
		{A407C717-8FA1-4160-98CB-010E87591C66}.Ad-Hoc|iPhoneSimulator.Build.0 = Release|Any CPU
		{A407C717-8FA1-4160-98CB-010E87591C66}.Ad-Hoc|iPhoneSimulator.Deploy.0 = Release|Any CPU
		{A407C717-8FA1-4160-98CB-010E87591C66}.Ad-Hoc|x64.ActiveCfg = Release|Any CPU
		{A407C717-8FA1-4160-98CB-010E87591C66}.Ad-Hoc|x64.Build.0 = Release|Any CPU
		{A407C717-8FA1-4160-98CB-010E87591C66}.Ad-Hoc|x64.Deploy.0 = Release|Any CPU
		{A407C717-8FA1-4160-98CB-010E87591C66}.Ad-Hoc|x86.ActiveCfg = Release|Any CPU
		{A407C717-8FA1-4160-98CB-010E87591C66}.Ad-Hoc|x86.Build.0 = Release|Any CPU
		{A407C717-8FA1-4160-98CB-010E87591C66}.Ad-Hoc|x86.Deploy.0 = Release|Any CPU
		{A407C717-8FA1-4160-98CB-010E87591C66}.AppStore|Any CPU.ActiveCfg = Release|Any CPU
		{A407C717-8FA1-4160-98CB-010E87591C66}.AppStore|Any CPU.Build.0 = Release|Any CPU
		{A407C717-8FA1-4160-98CB-010E87591C66}.AppStore|Any CPU.Deploy.0 = Release|Any CPU
		{A407C717-8FA1-4160-98CB-010E87591C66}.AppStore|ARM.ActiveCfg = Release|Any CPU
		{A407C717-8FA1-4160-98CB-010E87591C66}.AppStore|ARM.Build.0 = Release|Any CPU
		{A407C717-8FA1-4160-98CB-010E87591C66}.AppStore|ARM.Deploy.0 = Release|Any CPU
		{A407C717-8FA1-4160-98CB-010E87591C66}.AppStore|iPhone.ActiveCfg = Release|Any CPU
		{A407C717-8FA1-4160-98CB-010E87591C66}.AppStore|iPhone.Build.0 = Release|Any CPU
		{A407C717-8FA1-4160-98CB-010E87591C66}.AppStore|iPhone.Deploy.0 = Release|Any CPU
		{A407C717-8FA1-4160-98CB-010E87591C66}.AppStore|iPhoneSimulator.ActiveCfg = Release|Any CPU
		{A407C717-8FA1-4160-98CB-010E87591C66}.AppStore|iPhoneSimulator.Build.0 = Release|Any CPU
		{A407C717-8FA1-4160-98CB-010E87591C66}.AppStore|iPhoneSimulator.Deploy.0 = Release|Any CPU
		{A407C717-8FA1-4160-98CB-010E87591C66}.AppStore|x64.ActiveCfg = Release|Any CPU
		{A407C717-8FA1-4160-98CB-010E87591C66}.AppStore|x64.Build.0 = Release|Any CPU
		{A407C717-8FA1-4160-98CB-010E87591C66}.AppStore|x64.Deploy.0 = Release|Any CPU
		{A407C717-8FA1-4160-98CB-010E87591C66}.AppStore|x86.ActiveCfg = Release|Any CPU
		{A407C717-8FA1-4160-98CB-010E87591C66}.AppStore|x86.Build.0 = Release|Any CPU
		{A407C717-8FA1-4160-98CB-010E87591C66}.AppStore|x86.Deploy.0 = Release|Any CPU
		{A407C717-8FA1-4160-98CB-010E87591C66}.Debug|Any CPU.ActiveCfg = Debug|Any CPU
		{A407C717-8FA1-4160-98CB-010E87591C66}.Debug|Any CPU.Build.0 = Debug|Any CPU
		{A407C717-8FA1-4160-98CB-010E87591C66}.Debug|Any CPU.Deploy.0 = Debug|Any CPU
		{A407C717-8FA1-4160-98CB-010E87591C66}.Debug|ARM.ActiveCfg = Debug|Any CPU
		{A407C717-8FA1-4160-98CB-010E87591C66}.Debug|ARM.Build.0 = Debug|Any CPU
		{A407C717-8FA1-4160-98CB-010E87591C66}.Debug|ARM.Deploy.0 = Debug|Any CPU
		{A407C717-8FA1-4160-98CB-010E87591C66}.Debug|iPhone.ActiveCfg = Debug|Any CPU
		{A407C717-8FA1-4160-98CB-010E87591C66}.Debug|iPhone.Build.0 = Debug|Any CPU
		{A407C717-8FA1-4160-98CB-010E87591C66}.Debug|iPhone.Deploy.0 = Debug|Any CPU
		{A407C717-8FA1-4160-98CB-010E87591C66}.Debug|iPhoneSimulator.ActiveCfg = Debug|Any CPU
		{A407C717-8FA1-4160-98CB-010E87591C66}.Debug|iPhoneSimulator.Build.0 = Debug|Any CPU
		{A407C717-8FA1-4160-98CB-010E87591C66}.Debug|iPhoneSimulator.Deploy.0 = Debug|Any CPU
		{A407C717-8FA1-4160-98CB-010E87591C66}.Debug|x64.ActiveCfg = Debug|Any CPU
		{A407C717-8FA1-4160-98CB-010E87591C66}.Debug|x64.Build.0 = Debug|Any CPU
		{A407C717-8FA1-4160-98CB-010E87591C66}.Debug|x64.Deploy.0 = Debug|Any CPU
		{A407C717-8FA1-4160-98CB-010E87591C66}.Debug|x86.ActiveCfg = Debug|Any CPU
		{A407C717-8FA1-4160-98CB-010E87591C66}.Debug|x86.Build.0 = Debug|Any CPU
		{A407C717-8FA1-4160-98CB-010E87591C66}.Debug|x86.Deploy.0 = Debug|Any CPU
		{A407C717-8FA1-4160-98CB-010E87591C66}.Release|Any CPU.ActiveCfg = Release|Any CPU
		{A407C717-8FA1-4160-98CB-010E87591C66}.Release|Any CPU.Build.0 = Release|Any CPU
		{A407C717-8FA1-4160-98CB-010E87591C66}.Release|Any CPU.Deploy.0 = Release|Any CPU
		{A407C717-8FA1-4160-98CB-010E87591C66}.Release|ARM.ActiveCfg = Release|Any CPU
		{A407C717-8FA1-4160-98CB-010E87591C66}.Release|ARM.Build.0 = Release|Any CPU
		{A407C717-8FA1-4160-98CB-010E87591C66}.Release|ARM.Deploy.0 = Release|Any CPU
		{A407C717-8FA1-4160-98CB-010E87591C66}.Release|iPhone.ActiveCfg = Release|Any CPU
		{A407C717-8FA1-4160-98CB-010E87591C66}.Release|iPhone.Build.0 = Release|Any CPU
		{A407C717-8FA1-4160-98CB-010E87591C66}.Release|iPhone.Deploy.0 = Release|Any CPU
		{A407C717-8FA1-4160-98CB-010E87591C66}.Release|iPhoneSimulator.ActiveCfg = Release|Any CPU
		{A407C717-8FA1-4160-98CB-010E87591C66}.Release|iPhoneSimulator.Build.0 = Release|Any CPU
		{A407C717-8FA1-4160-98CB-010E87591C66}.Release|iPhoneSimulator.Deploy.0 = Release|Any CPU
		{A407C717-8FA1-4160-98CB-010E87591C66}.Release|x64.ActiveCfg = Release|Any CPU
		{A407C717-8FA1-4160-98CB-010E87591C66}.Release|x64.Build.0 = Release|Any CPU
		{A407C717-8FA1-4160-98CB-010E87591C66}.Release|x64.Deploy.0 = Release|Any CPU
		{A407C717-8FA1-4160-98CB-010E87591C66}.Release|x86.ActiveCfg = Release|Any CPU
		{A407C717-8FA1-4160-98CB-010E87591C66}.Release|x86.Build.0 = Release|Any CPU
		{A407C717-8FA1-4160-98CB-010E87591C66}.Release|x86.Deploy.0 = Release|Any CPU
		{BF360E81-D539-4B96-87F5-1EA235A62CCD}.Ad-Hoc|Any CPU.ActiveCfg = Ad-Hoc|iPhone
		{BF360E81-D539-4B96-87F5-1EA235A62CCD}.Ad-Hoc|Any CPU.Build.0 = Ad-Hoc|iPhone
		{BF360E81-D539-4B96-87F5-1EA235A62CCD}.Ad-Hoc|Any CPU.Deploy.0 = Ad-Hoc|iPhone
		{BF360E81-D539-4B96-87F5-1EA235A62CCD}.Ad-Hoc|ARM.ActiveCfg = Ad-Hoc|iPhone
		{BF360E81-D539-4B96-87F5-1EA235A62CCD}.Ad-Hoc|ARM.Build.0 = Ad-Hoc|iPhone
		{BF360E81-D539-4B96-87F5-1EA235A62CCD}.Ad-Hoc|ARM.Deploy.0 = Ad-Hoc|iPhone
		{BF360E81-D539-4B96-87F5-1EA235A62CCD}.Ad-Hoc|iPhone.ActiveCfg = Ad-Hoc|iPhone
		{BF360E81-D539-4B96-87F5-1EA235A62CCD}.Ad-Hoc|iPhone.Build.0 = Ad-Hoc|iPhone
		{BF360E81-D539-4B96-87F5-1EA235A62CCD}.Ad-Hoc|iPhone.Deploy.0 = Ad-Hoc|iPhone
		{BF360E81-D539-4B96-87F5-1EA235A62CCD}.Ad-Hoc|iPhoneSimulator.ActiveCfg = Ad-Hoc|iPhoneSimulator
		{BF360E81-D539-4B96-87F5-1EA235A62CCD}.Ad-Hoc|iPhoneSimulator.Build.0 = Ad-Hoc|iPhoneSimulator
		{BF360E81-D539-4B96-87F5-1EA235A62CCD}.Ad-Hoc|iPhoneSimulator.Deploy.0 = Ad-Hoc|iPhoneSimulator
		{BF360E81-D539-4B96-87F5-1EA235A62CCD}.Ad-Hoc|x64.ActiveCfg = Ad-Hoc|iPhone
		{BF360E81-D539-4B96-87F5-1EA235A62CCD}.Ad-Hoc|x64.Build.0 = Ad-Hoc|iPhone
		{BF360E81-D539-4B96-87F5-1EA235A62CCD}.Ad-Hoc|x64.Deploy.0 = Ad-Hoc|iPhone
		{BF360E81-D539-4B96-87F5-1EA235A62CCD}.Ad-Hoc|x86.ActiveCfg = Ad-Hoc|iPhone
		{BF360E81-D539-4B96-87F5-1EA235A62CCD}.Ad-Hoc|x86.Build.0 = Ad-Hoc|iPhone
		{BF360E81-D539-4B96-87F5-1EA235A62CCD}.Ad-Hoc|x86.Deploy.0 = Ad-Hoc|iPhone
		{BF360E81-D539-4B96-87F5-1EA235A62CCD}.AppStore|Any CPU.ActiveCfg = AppStore|iPhone
		{BF360E81-D539-4B96-87F5-1EA235A62CCD}.AppStore|Any CPU.Build.0 = AppStore|iPhone
		{BF360E81-D539-4B96-87F5-1EA235A62CCD}.AppStore|Any CPU.Deploy.0 = AppStore|iPhone
		{BF360E81-D539-4B96-87F5-1EA235A62CCD}.AppStore|ARM.ActiveCfg = AppStore|iPhone
		{BF360E81-D539-4B96-87F5-1EA235A62CCD}.AppStore|ARM.Build.0 = AppStore|iPhone
		{BF360E81-D539-4B96-87F5-1EA235A62CCD}.AppStore|ARM.Deploy.0 = AppStore|iPhone
		{BF360E81-D539-4B96-87F5-1EA235A62CCD}.AppStore|iPhone.ActiveCfg = AppStore|iPhone
		{BF360E81-D539-4B96-87F5-1EA235A62CCD}.AppStore|iPhone.Build.0 = AppStore|iPhone
		{BF360E81-D539-4B96-87F5-1EA235A62CCD}.AppStore|iPhone.Deploy.0 = AppStore|iPhone
		{BF360E81-D539-4B96-87F5-1EA235A62CCD}.AppStore|iPhoneSimulator.ActiveCfg = AppStore|iPhoneSimulator
		{BF360E81-D539-4B96-87F5-1EA235A62CCD}.AppStore|iPhoneSimulator.Build.0 = AppStore|iPhoneSimulator
		{BF360E81-D539-4B96-87F5-1EA235A62CCD}.AppStore|iPhoneSimulator.Deploy.0 = AppStore|iPhoneSimulator
		{BF360E81-D539-4B96-87F5-1EA235A62CCD}.AppStore|x64.ActiveCfg = AppStore|iPhone
		{BF360E81-D539-4B96-87F5-1EA235A62CCD}.AppStore|x64.Build.0 = AppStore|iPhone
		{BF360E81-D539-4B96-87F5-1EA235A62CCD}.AppStore|x64.Deploy.0 = AppStore|iPhone
		{BF360E81-D539-4B96-87F5-1EA235A62CCD}.AppStore|x86.ActiveCfg = AppStore|iPhone
		{BF360E81-D539-4B96-87F5-1EA235A62CCD}.AppStore|x86.Build.0 = AppStore|iPhone
		{BF360E81-D539-4B96-87F5-1EA235A62CCD}.AppStore|x86.Deploy.0 = AppStore|iPhone
		{BF360E81-D539-4B96-87F5-1EA235A62CCD}.Debug|Any CPU.ActiveCfg = Debug|iPhoneSimulator
		{BF360E81-D539-4B96-87F5-1EA235A62CCD}.Debug|Any CPU.Build.0 = Debug|iPhoneSimulator
		{BF360E81-D539-4B96-87F5-1EA235A62CCD}.Debug|Any CPU.Deploy.0 = Debug|iPhoneSimulator
		{BF360E81-D539-4B96-87F5-1EA235A62CCD}.Debug|ARM.ActiveCfg = Debug|iPhone
		{BF360E81-D539-4B96-87F5-1EA235A62CCD}.Debug|ARM.Build.0 = Debug|iPhone
		{BF360E81-D539-4B96-87F5-1EA235A62CCD}.Debug|ARM.Deploy.0 = Debug|iPhone
		{BF360E81-D539-4B96-87F5-1EA235A62CCD}.Debug|iPhone.ActiveCfg = Debug|iPhone
		{BF360E81-D539-4B96-87F5-1EA235A62CCD}.Debug|iPhone.Build.0 = Debug|iPhone
		{BF360E81-D539-4B96-87F5-1EA235A62CCD}.Debug|iPhone.Deploy.0 = Debug|iPhone
		{BF360E81-D539-4B96-87F5-1EA235A62CCD}.Debug|iPhoneSimulator.ActiveCfg = Debug|iPhoneSimulator
		{BF360E81-D539-4B96-87F5-1EA235A62CCD}.Debug|iPhoneSimulator.Build.0 = Debug|iPhoneSimulator
		{BF360E81-D539-4B96-87F5-1EA235A62CCD}.Debug|iPhoneSimulator.Deploy.0 = Debug|iPhoneSimulator
		{BF360E81-D539-4B96-87F5-1EA235A62CCD}.Debug|x64.ActiveCfg = Debug|iPhone
		{BF360E81-D539-4B96-87F5-1EA235A62CCD}.Debug|x64.Build.0 = Debug|iPhone
		{BF360E81-D539-4B96-87F5-1EA235A62CCD}.Debug|x64.Deploy.0 = Debug|iPhone
		{BF360E81-D539-4B96-87F5-1EA235A62CCD}.Debug|x86.ActiveCfg = Debug|iPhone
		{BF360E81-D539-4B96-87F5-1EA235A62CCD}.Debug|x86.Build.0 = Debug|iPhone
		{BF360E81-D539-4B96-87F5-1EA235A62CCD}.Debug|x86.Deploy.0 = Debug|iPhone
		{BF360E81-D539-4B96-87F5-1EA235A62CCD}.Release|Any CPU.ActiveCfg = Release|iPhone
		{BF360E81-D539-4B96-87F5-1EA235A62CCD}.Release|Any CPU.Build.0 = Release|iPhone
		{BF360E81-D539-4B96-87F5-1EA235A62CCD}.Release|Any CPU.Deploy.0 = Release|iPhone
		{BF360E81-D539-4B96-87F5-1EA235A62CCD}.Release|ARM.ActiveCfg = Release|iPhone
		{BF360E81-D539-4B96-87F5-1EA235A62CCD}.Release|ARM.Build.0 = Release|iPhone
		{BF360E81-D539-4B96-87F5-1EA235A62CCD}.Release|ARM.Deploy.0 = Release|iPhone
		{BF360E81-D539-4B96-87F5-1EA235A62CCD}.Release|iPhone.ActiveCfg = Release|iPhone
		{BF360E81-D539-4B96-87F5-1EA235A62CCD}.Release|iPhone.Build.0 = Release|iPhone
		{BF360E81-D539-4B96-87F5-1EA235A62CCD}.Release|iPhone.Deploy.0 = Release|iPhone
		{BF360E81-D539-4B96-87F5-1EA235A62CCD}.Release|iPhoneSimulator.ActiveCfg = Release|iPhoneSimulator
		{BF360E81-D539-4B96-87F5-1EA235A62CCD}.Release|iPhoneSimulator.Build.0 = Release|iPhoneSimulator
		{BF360E81-D539-4B96-87F5-1EA235A62CCD}.Release|iPhoneSimulator.Deploy.0 = Release|iPhoneSimulator
		{BF360E81-D539-4B96-87F5-1EA235A62CCD}.Release|x64.ActiveCfg = Release|iPhone
		{BF360E81-D539-4B96-87F5-1EA235A62CCD}.Release|x64.Build.0 = Release|iPhone
		{BF360E81-D539-4B96-87F5-1EA235A62CCD}.Release|x64.Deploy.0 = Release|iPhone
		{BF360E81-D539-4B96-87F5-1EA235A62CCD}.Release|x86.ActiveCfg = Release|iPhone
		{BF360E81-D539-4B96-87F5-1EA235A62CCD}.Release|x86.Build.0 = Release|iPhone
		{BF360E81-D539-4B96-87F5-1EA235A62CCD}.Release|x86.Deploy.0 = Release|iPhone
		{A5679D88-8CA5-4B40-8022-DDB191110461}.Ad-Hoc|Any CPU.ActiveCfg = Release|x86
		{A5679D88-8CA5-4B40-8022-DDB191110461}.Ad-Hoc|Any CPU.Build.0 = Release|x86
		{A5679D88-8CA5-4B40-8022-DDB191110461}.Ad-Hoc|Any CPU.Deploy.0 = Release|x86
		{A5679D88-8CA5-4B40-8022-DDB191110461}.Ad-Hoc|ARM.ActiveCfg = Release|ARM
		{A5679D88-8CA5-4B40-8022-DDB191110461}.Ad-Hoc|ARM.Build.0 = Release|ARM
		{A5679D88-8CA5-4B40-8022-DDB191110461}.Ad-Hoc|ARM.Deploy.0 = Release|ARM
		{A5679D88-8CA5-4B40-8022-DDB191110461}.Ad-Hoc|iPhone.ActiveCfg = Release|x86
		{A5679D88-8CA5-4B40-8022-DDB191110461}.Ad-Hoc|iPhone.Build.0 = Release|x86
		{A5679D88-8CA5-4B40-8022-DDB191110461}.Ad-Hoc|iPhone.Deploy.0 = Release|x86
		{A5679D88-8CA5-4B40-8022-DDB191110461}.Ad-Hoc|iPhoneSimulator.ActiveCfg = Release|x86
		{A5679D88-8CA5-4B40-8022-DDB191110461}.Ad-Hoc|iPhoneSimulator.Build.0 = Release|x86
		{A5679D88-8CA5-4B40-8022-DDB191110461}.Ad-Hoc|iPhoneSimulator.Deploy.0 = Release|x86
		{A5679D88-8CA5-4B40-8022-DDB191110461}.Ad-Hoc|x64.ActiveCfg = Release|x64
		{A5679D88-8CA5-4B40-8022-DDB191110461}.Ad-Hoc|x64.Build.0 = Release|x64
		{A5679D88-8CA5-4B40-8022-DDB191110461}.Ad-Hoc|x64.Deploy.0 = Release|x64
		{A5679D88-8CA5-4B40-8022-DDB191110461}.Ad-Hoc|x86.ActiveCfg = Release|x86
		{A5679D88-8CA5-4B40-8022-DDB191110461}.Ad-Hoc|x86.Build.0 = Release|x86
		{A5679D88-8CA5-4B40-8022-DDB191110461}.Ad-Hoc|x86.Deploy.0 = Release|x86
		{A5679D88-8CA5-4B40-8022-DDB191110461}.AppStore|Any CPU.ActiveCfg = Release|x86
		{A5679D88-8CA5-4B40-8022-DDB191110461}.AppStore|Any CPU.Build.0 = Release|x86
		{A5679D88-8CA5-4B40-8022-DDB191110461}.AppStore|Any CPU.Deploy.0 = Release|x86
		{A5679D88-8CA5-4B40-8022-DDB191110461}.AppStore|ARM.ActiveCfg = Release|ARM
		{A5679D88-8CA5-4B40-8022-DDB191110461}.AppStore|ARM.Build.0 = Release|ARM
		{A5679D88-8CA5-4B40-8022-DDB191110461}.AppStore|ARM.Deploy.0 = Release|ARM
		{A5679D88-8CA5-4B40-8022-DDB191110461}.AppStore|iPhone.ActiveCfg = Release|x86
		{A5679D88-8CA5-4B40-8022-DDB191110461}.AppStore|iPhone.Build.0 = Release|x86
		{A5679D88-8CA5-4B40-8022-DDB191110461}.AppStore|iPhone.Deploy.0 = Release|x86
		{A5679D88-8CA5-4B40-8022-DDB191110461}.AppStore|iPhoneSimulator.ActiveCfg = Release|x86
		{A5679D88-8CA5-4B40-8022-DDB191110461}.AppStore|iPhoneSimulator.Build.0 = Release|x86
		{A5679D88-8CA5-4B40-8022-DDB191110461}.AppStore|iPhoneSimulator.Deploy.0 = Release|x86
		{A5679D88-8CA5-4B40-8022-DDB191110461}.AppStore|x64.ActiveCfg = Release|x64
		{A5679D88-8CA5-4B40-8022-DDB191110461}.AppStore|x64.Build.0 = Release|x64
		{A5679D88-8CA5-4B40-8022-DDB191110461}.AppStore|x64.Deploy.0 = Release|x64
		{A5679D88-8CA5-4B40-8022-DDB191110461}.AppStore|x86.ActiveCfg = Release|x86
		{A5679D88-8CA5-4B40-8022-DDB191110461}.AppStore|x86.Build.0 = Release|x86
		{A5679D88-8CA5-4B40-8022-DDB191110461}.AppStore|x86.Deploy.0 = Release|x86
		{A5679D88-8CA5-4B40-8022-DDB191110461}.Debug|Any CPU.ActiveCfg = Debug|x86
		{A5679D88-8CA5-4B40-8022-DDB191110461}.Debug|Any CPU.Build.0 = Debug|x86
		{A5679D88-8CA5-4B40-8022-DDB191110461}.Debug|Any CPU.Deploy.0 = Debug|x86
		{A5679D88-8CA5-4B40-8022-DDB191110461}.Debug|ARM.ActiveCfg = Debug|ARM
		{A5679D88-8CA5-4B40-8022-DDB191110461}.Debug|ARM.Build.0 = Debug|ARM
		{A5679D88-8CA5-4B40-8022-DDB191110461}.Debug|ARM.Deploy.0 = Debug|ARM
		{A5679D88-8CA5-4B40-8022-DDB191110461}.Debug|iPhone.ActiveCfg = Debug|x86
		{A5679D88-8CA5-4B40-8022-DDB191110461}.Debug|iPhone.Build.0 = Debug|x86
		{A5679D88-8CA5-4B40-8022-DDB191110461}.Debug|iPhone.Deploy.0 = Debug|x86
		{A5679D88-8CA5-4B40-8022-DDB191110461}.Debug|iPhoneSimulator.ActiveCfg = Debug|x86
		{A5679D88-8CA5-4B40-8022-DDB191110461}.Debug|iPhoneSimulator.Build.0 = Debug|x86
		{A5679D88-8CA5-4B40-8022-DDB191110461}.Debug|iPhoneSimulator.Deploy.0 = Debug|x86
		{A5679D88-8CA5-4B40-8022-DDB191110461}.Debug|x64.ActiveCfg = Debug|x64
		{A5679D88-8CA5-4B40-8022-DDB191110461}.Debug|x64.Build.0 = Debug|x64
		{A5679D88-8CA5-4B40-8022-DDB191110461}.Debug|x64.Deploy.0 = Debug|x64
		{A5679D88-8CA5-4B40-8022-DDB191110461}.Debug|x86.ActiveCfg = Debug|x86
		{A5679D88-8CA5-4B40-8022-DDB191110461}.Debug|x86.Build.0 = Debug|x86
		{A5679D88-8CA5-4B40-8022-DDB191110461}.Debug|x86.Deploy.0 = Debug|x86
		{A5679D88-8CA5-4B40-8022-DDB191110461}.Release|Any CPU.ActiveCfg = Release|x86
		{A5679D88-8CA5-4B40-8022-DDB191110461}.Release|Any CPU.Build.0 = Release|x86
		{A5679D88-8CA5-4B40-8022-DDB191110461}.Release|Any CPU.Deploy.0 = Release|x86
		{A5679D88-8CA5-4B40-8022-DDB191110461}.Release|ARM.ActiveCfg = Release|ARM
		{A5679D88-8CA5-4B40-8022-DDB191110461}.Release|ARM.Build.0 = Release|ARM
		{A5679D88-8CA5-4B40-8022-DDB191110461}.Release|ARM.Deploy.0 = Release|ARM
		{A5679D88-8CA5-4B40-8022-DDB191110461}.Release|iPhone.ActiveCfg = Release|x86
		{A5679D88-8CA5-4B40-8022-DDB191110461}.Release|iPhone.Build.0 = Release|x86
		{A5679D88-8CA5-4B40-8022-DDB191110461}.Release|iPhone.Deploy.0 = Release|x86
		{A5679D88-8CA5-4B40-8022-DDB191110461}.Release|iPhoneSimulator.ActiveCfg = Release|x86
		{A5679D88-8CA5-4B40-8022-DDB191110461}.Release|iPhoneSimulator.Build.0 = Release|x86
		{A5679D88-8CA5-4B40-8022-DDB191110461}.Release|iPhoneSimulator.Deploy.0 = Release|x86
		{A5679D88-8CA5-4B40-8022-DDB191110461}.Release|x64.ActiveCfg = Release|x64
		{A5679D88-8CA5-4B40-8022-DDB191110461}.Release|x64.Build.0 = Release|x64
		{A5679D88-8CA5-4B40-8022-DDB191110461}.Release|x64.Deploy.0 = Release|x64
		{A5679D88-8CA5-4B40-8022-DDB191110461}.Release|x86.ActiveCfg = Release|x86
		{A5679D88-8CA5-4B40-8022-DDB191110461}.Release|x86.Build.0 = Release|x86
		{A5679D88-8CA5-4B40-8022-DDB191110461}.Release|x86.Deploy.0 = Release|x86
		{98061DB3-E46B-42CF-95A4-7C92FFCAE585}.Ad-Hoc|Any CPU.ActiveCfg = Debug|Any CPU
		{98061DB3-E46B-42CF-95A4-7C92FFCAE585}.Ad-Hoc|Any CPU.Build.0 = Debug|Any CPU
		{98061DB3-E46B-42CF-95A4-7C92FFCAE585}.Ad-Hoc|Any CPU.Deploy.0 = Debug|Any CPU
		{98061DB3-E46B-42CF-95A4-7C92FFCAE585}.Ad-Hoc|ARM.ActiveCfg = Debug|Any CPU
		{98061DB3-E46B-42CF-95A4-7C92FFCAE585}.Ad-Hoc|ARM.Build.0 = Debug|Any CPU
		{98061DB3-E46B-42CF-95A4-7C92FFCAE585}.Ad-Hoc|ARM.Deploy.0 = Debug|Any CPU
		{98061DB3-E46B-42CF-95A4-7C92FFCAE585}.Ad-Hoc|iPhone.ActiveCfg = Debug|Any CPU
		{98061DB3-E46B-42CF-95A4-7C92FFCAE585}.Ad-Hoc|iPhone.Build.0 = Debug|Any CPU
		{98061DB3-E46B-42CF-95A4-7C92FFCAE585}.Ad-Hoc|iPhone.Deploy.0 = Debug|Any CPU
		{98061DB3-E46B-42CF-95A4-7C92FFCAE585}.Ad-Hoc|iPhoneSimulator.ActiveCfg = Debug|Any CPU
		{98061DB3-E46B-42CF-95A4-7C92FFCAE585}.Ad-Hoc|iPhoneSimulator.Build.0 = Debug|Any CPU
		{98061DB3-E46B-42CF-95A4-7C92FFCAE585}.Ad-Hoc|iPhoneSimulator.Deploy.0 = Debug|Any CPU
		{98061DB3-E46B-42CF-95A4-7C92FFCAE585}.Ad-Hoc|x64.ActiveCfg = Debug|Any CPU
		{98061DB3-E46B-42CF-95A4-7C92FFCAE585}.Ad-Hoc|x64.Build.0 = Debug|Any CPU
		{98061DB3-E46B-42CF-95A4-7C92FFCAE585}.Ad-Hoc|x64.Deploy.0 = Debug|Any CPU
		{98061DB3-E46B-42CF-95A4-7C92FFCAE585}.Ad-Hoc|x86.ActiveCfg = Debug|Any CPU
		{98061DB3-E46B-42CF-95A4-7C92FFCAE585}.Ad-Hoc|x86.Build.0 = Debug|Any CPU
		{98061DB3-E46B-42CF-95A4-7C92FFCAE585}.Ad-Hoc|x86.Deploy.0 = Debug|Any CPU
		{98061DB3-E46B-42CF-95A4-7C92FFCAE585}.AppStore|Any CPU.ActiveCfg = Debug|Any CPU
		{98061DB3-E46B-42CF-95A4-7C92FFCAE585}.AppStore|Any CPU.Build.0 = Debug|Any CPU
		{98061DB3-E46B-42CF-95A4-7C92FFCAE585}.AppStore|Any CPU.Deploy.0 = Debug|Any CPU
		{98061DB3-E46B-42CF-95A4-7C92FFCAE585}.AppStore|ARM.ActiveCfg = Debug|Any CPU
		{98061DB3-E46B-42CF-95A4-7C92FFCAE585}.AppStore|ARM.Build.0 = Debug|Any CPU
		{98061DB3-E46B-42CF-95A4-7C92FFCAE585}.AppStore|ARM.Deploy.0 = Debug|Any CPU
		{98061DB3-E46B-42CF-95A4-7C92FFCAE585}.AppStore|iPhone.ActiveCfg = Debug|Any CPU
		{98061DB3-E46B-42CF-95A4-7C92FFCAE585}.AppStore|iPhone.Build.0 = Debug|Any CPU
		{98061DB3-E46B-42CF-95A4-7C92FFCAE585}.AppStore|iPhone.Deploy.0 = Debug|Any CPU
		{98061DB3-E46B-42CF-95A4-7C92FFCAE585}.AppStore|iPhoneSimulator.ActiveCfg = Debug|Any CPU
		{98061DB3-E46B-42CF-95A4-7C92FFCAE585}.AppStore|iPhoneSimulator.Build.0 = Debug|Any CPU
		{98061DB3-E46B-42CF-95A4-7C92FFCAE585}.AppStore|iPhoneSimulator.Deploy.0 = Debug|Any CPU
		{98061DB3-E46B-42CF-95A4-7C92FFCAE585}.AppStore|x64.ActiveCfg = Debug|Any CPU
		{98061DB3-E46B-42CF-95A4-7C92FFCAE585}.AppStore|x64.Build.0 = Debug|Any CPU
		{98061DB3-E46B-42CF-95A4-7C92FFCAE585}.AppStore|x64.Deploy.0 = Debug|Any CPU
		{98061DB3-E46B-42CF-95A4-7C92FFCAE585}.AppStore|x86.ActiveCfg = Debug|Any CPU
		{98061DB3-E46B-42CF-95A4-7C92FFCAE585}.AppStore|x86.Build.0 = Debug|Any CPU
		{98061DB3-E46B-42CF-95A4-7C92FFCAE585}.AppStore|x86.Deploy.0 = Debug|Any CPU
		{98061DB3-E46B-42CF-95A4-7C92FFCAE585}.Debug|Any CPU.ActiveCfg = Debug|Any CPU
		{98061DB3-E46B-42CF-95A4-7C92FFCAE585}.Debug|Any CPU.Build.0 = Debug|Any CPU
		{98061DB3-E46B-42CF-95A4-7C92FFCAE585}.Debug|Any CPU.Deploy.0 = Debug|Any CPU
		{98061DB3-E46B-42CF-95A4-7C92FFCAE585}.Debug|ARM.ActiveCfg = Debug|Any CPU
		{98061DB3-E46B-42CF-95A4-7C92FFCAE585}.Debug|ARM.Build.0 = Debug|Any CPU
		{98061DB3-E46B-42CF-95A4-7C92FFCAE585}.Debug|ARM.Deploy.0 = Debug|Any CPU
		{98061DB3-E46B-42CF-95A4-7C92FFCAE585}.Debug|iPhone.ActiveCfg = Debug|Any CPU
		{98061DB3-E46B-42CF-95A4-7C92FFCAE585}.Debug|iPhone.Build.0 = Debug|Any CPU
		{98061DB3-E46B-42CF-95A4-7C92FFCAE585}.Debug|iPhone.Deploy.0 = Debug|Any CPU
		{98061DB3-E46B-42CF-95A4-7C92FFCAE585}.Debug|iPhoneSimulator.ActiveCfg = Debug|Any CPU
		{98061DB3-E46B-42CF-95A4-7C92FFCAE585}.Debug|iPhoneSimulator.Build.0 = Debug|Any CPU
		{98061DB3-E46B-42CF-95A4-7C92FFCAE585}.Debug|iPhoneSimulator.Deploy.0 = Debug|Any CPU
		{98061DB3-E46B-42CF-95A4-7C92FFCAE585}.Debug|x64.ActiveCfg = Debug|Any CPU
		{98061DB3-E46B-42CF-95A4-7C92FFCAE585}.Debug|x64.Build.0 = Debug|Any CPU
		{98061DB3-E46B-42CF-95A4-7C92FFCAE585}.Debug|x64.Deploy.0 = Debug|Any CPU
		{98061DB3-E46B-42CF-95A4-7C92FFCAE585}.Debug|x86.ActiveCfg = Debug|Any CPU
		{98061DB3-E46B-42CF-95A4-7C92FFCAE585}.Debug|x86.Build.0 = Debug|Any CPU
		{98061DB3-E46B-42CF-95A4-7C92FFCAE585}.Debug|x86.Deploy.0 = Debug|Any CPU
		{98061DB3-E46B-42CF-95A4-7C92FFCAE585}.Release|Any CPU.ActiveCfg = Release|Any CPU
		{98061DB3-E46B-42CF-95A4-7C92FFCAE585}.Release|Any CPU.Build.0 = Release|Any CPU
		{98061DB3-E46B-42CF-95A4-7C92FFCAE585}.Release|Any CPU.Deploy.0 = Release|Any CPU
		{98061DB3-E46B-42CF-95A4-7C92FFCAE585}.Release|ARM.ActiveCfg = Release|Any CPU
		{98061DB3-E46B-42CF-95A4-7C92FFCAE585}.Release|ARM.Build.0 = Release|Any CPU
		{98061DB3-E46B-42CF-95A4-7C92FFCAE585}.Release|ARM.Deploy.0 = Release|Any CPU
		{98061DB3-E46B-42CF-95A4-7C92FFCAE585}.Release|iPhone.ActiveCfg = Release|Any CPU
		{98061DB3-E46B-42CF-95A4-7C92FFCAE585}.Release|iPhone.Build.0 = Release|Any CPU
		{98061DB3-E46B-42CF-95A4-7C92FFCAE585}.Release|iPhone.Deploy.0 = Release|Any CPU
		{98061DB3-E46B-42CF-95A4-7C92FFCAE585}.Release|iPhoneSimulator.ActiveCfg = Release|Any CPU
		{98061DB3-E46B-42CF-95A4-7C92FFCAE585}.Release|iPhoneSimulator.Build.0 = Release|Any CPU
		{98061DB3-E46B-42CF-95A4-7C92FFCAE585}.Release|iPhoneSimulator.Deploy.0 = Release|Any CPU
		{98061DB3-E46B-42CF-95A4-7C92FFCAE585}.Release|x64.ActiveCfg = Release|Any CPU
		{98061DB3-E46B-42CF-95A4-7C92FFCAE585}.Release|x64.Build.0 = Release|Any CPU
		{98061DB3-E46B-42CF-95A4-7C92FFCAE585}.Release|x64.Deploy.0 = Release|Any CPU
		{98061DB3-E46B-42CF-95A4-7C92FFCAE585}.Release|x86.ActiveCfg = Release|Any CPU
		{98061DB3-E46B-42CF-95A4-7C92FFCAE585}.Release|x86.Build.0 = Release|Any CPU
		{98061DB3-E46B-42CF-95A4-7C92FFCAE585}.Release|x86.Deploy.0 = Release|Any CPU
	EndGlobalSection
	GlobalSection(SolutionProperties) = preSolution
		HideSolutionNode = FALSE
	EndGlobalSection
	GlobalSection(ExtensibilityGlobals) = postSolution
		SolutionGuid = {C5F0B4F8-8152-40F5-AC70-DD31F512F546}
	EndGlobalSection
EndGlobal
